{
  "name": "backend",
  "version": "1.0.0",
  "lockfileVersion": 1,
  "requires": true,
  "dependencies": {
    "accepts": {
      "version": "https://registry.npmjs.org/accepts/-/accepts-1.3.4.tgz",
      "integrity": "sha1-hiRnWMfdbSGmR0/whKR0DsBesh8=",
      "requires": {
        "mime-types": "https://registry.npmjs.org/mime-types/-/mime-types-2.1.17.tgz",
        "negotiator": "https://registry.npmjs.org/negotiator/-/negotiator-0.6.1.tgz"
      }
    },
    "any-promise": {
      "version": "https://registry.npmjs.org/any-promise/-/any-promise-1.3.0.tgz",
      "integrity": "sha1-q8av7tzqUugJzcA3au0845Y10X8="
    },
    "argparse": {
      "version": "1.0.9",
      "resolved": "https://registry.npmjs.org/argparse/-/argparse-1.0.9.tgz",
      "integrity": "sha1-c9g7wmP4bpf4zE9rrhsOkKfSLIY=",
      "requires": {
        "sprintf-js": "1.0.3"
      }
    },
    "assertion-error": {
      "version": "https://registry.npmjs.org/assertion-error/-/assertion-error-1.0.2.tgz",
      "integrity": "sha1-E8pRXYYgbaC6xm6DTdOX2HWBCUw="
    },
    "async": {
      "version": "2.1.4",
      "resolved": "https://registry.npmjs.org/async/-/async-2.1.4.tgz",
      "integrity": "sha1-LSFgx3iAMuTdbL4lAvH5osj2zeQ=",
      "requires": {
        "lodash": "4.17.4"
      }
    },
    "balanced-match": {
      "version": "https://registry.npmjs.org/balanced-match/-/balanced-match-1.0.0.tgz",
      "integrity": "sha1-ibTRmasr7kneFk6gK4nORi1xt2c="
    },
    "bluebird": {
      "version": "3.5.0",
      "resolved": "https://registry.npmjs.org/bluebird/-/bluebird-3.5.0.tgz",
      "integrity": "sha1-eRQg1/VR7qKJdFOop3ZT+WYG1nw="
    },
    "brace-expansion": {
      "version": "https://registry.npmjs.org/brace-expansion/-/brace-expansion-1.1.8.tgz",
      "integrity": "sha1-wHshHHyVLsH479Uad+8NHTmQopI=",
      "requires": {
        "balanced-match": "https://registry.npmjs.org/balanced-match/-/balanced-match-1.0.0.tgz",
        "concat-map": "https://registry.npmjs.org/concat-map/-/concat-map-0.0.1.tgz"
      }
    },
    "browser-stdout": {
      "version": "https://registry.npmjs.org/browser-stdout/-/browser-stdout-1.3.0.tgz",
      "integrity": "sha1-81HTKWnTL6XXpVZxVCY9korjvR8="
    },
    "bson": {
      "version": "1.0.4",
      "resolved": "https://registry.npmjs.org/bson/-/bson-1.0.4.tgz",
      "integrity": "sha1-k8ENOeqltYQVy8QFLz5T5WKwtyw="
    },
    "buffer-shims": {
      "version": "1.0.0",
      "resolved": "https://registry.npmjs.org/buffer-shims/-/buffer-shims-1.0.0.tgz",
      "integrity": "sha1-mXjOMXOIxkmth5MCjDR37wRKi1E="
    },
    "chai": {
      "version": "https://registry.npmjs.org/chai/-/chai-4.1.2.tgz",
      "integrity": "sha1-D2RYS6ZC8PKs4oBiefTwbKI61zw=",
      "requires": {
        "assertion-error": "https://registry.npmjs.org/assertion-error/-/assertion-error-1.0.2.tgz",
        "check-error": "https://registry.npmjs.org/check-error/-/check-error-1.0.2.tgz",
        "deep-eql": "https://registry.npmjs.org/deep-eql/-/deep-eql-3.0.1.tgz",
        "get-func-name": "https://registry.npmjs.org/get-func-name/-/get-func-name-2.0.0.tgz",
        "pathval": "https://registry.npmjs.org/pathval/-/pathval-1.1.0.tgz",
        "type-detect": "https://registry.npmjs.org/type-detect/-/type-detect-4.0.5.tgz"
      }
    },
    "chai-http": {
      "version": "3.0.0",
      "resolved": "https://registry.npmjs.org/chai-http/-/chai-http-3.0.0.tgz",
      "integrity": "sha1-VGDYA24fGhKwtbXL1Snm3B0x60s=",
      "requires": {
        "cookiejar": "2.0.6",
        "is-ip": "1.0.0",
        "methods": "1.1.2",
        "qs": "6.5.1",
        "superagent": "2.3.0"
      }
    },
    "check-error": {
      "version": "https://registry.npmjs.org/check-error/-/check-error-1.0.2.tgz",
      "integrity": "sha1-V00xLt2Iu13YkS6Sht1sCu1KrII="
    },
    "co": {
      "version": "https://registry.npmjs.org/co/-/co-4.6.0.tgz",
      "integrity": "sha1-bqa989hTrlTMuOR7+gvz+QMfsYQ="
    },
    "combined-stream": {
      "version": "1.0.5",
      "resolved": "https://registry.npmjs.org/combined-stream/-/combined-stream-1.0.5.tgz",
      "integrity": "sha1-k4NwpXtKUd6ix3wV1cX9+JUWQAk=",
      "requires": {
        "delayed-stream": "1.0.0"
      }
    },
    "commander": {
      "version": "https://registry.npmjs.org/commander/-/commander-2.11.0.tgz",
      "integrity": "sha1-FXFS/R56bI2YpbcVzzdt+SgARWM="
    },
    "component-emitter": {
      "version": "1.2.1",
      "resolved": "https://registry.npmjs.org/component-emitter/-/component-emitter-1.2.1.tgz",
      "integrity": "sha1-E3kY1teCg/ffemt8WmPhQOaUJeY="
    },
    "concat-map": {
      "version": "https://registry.npmjs.org/concat-map/-/concat-map-0.0.1.tgz",
      "integrity": "sha1-2Klr13/Wjfd5OnMDajug1UBdR3s="
    },
    "content-disposition": {
      "version": "https://registry.npmjs.org/content-disposition/-/content-disposition-0.5.2.tgz",
      "integrity": "sha1-DPaLud318r55YcOoUXjLhdunjLQ="
    },
    "content-type": {
      "version": "https://registry.npmjs.org/content-type/-/content-type-1.0.4.tgz",
      "integrity": "sha1-4TjMdeBAxyexlm/l5fjJruJW/js="
    },
    "cookiejar": {
      "version": "2.0.6",
      "resolved": "https://registry.npmjs.org/cookiejar/-/cookiejar-2.0.6.tgz",
      "integrity": "sha1-Cr81atANHFohnYjURRgEbdAmrP4="
    },
    "cookies": {
      "version": "https://registry.npmjs.org/cookies/-/cookies-0.7.1.tgz",
      "integrity": "sha1-fIphX1SBxhq58WyDNzG8uPZjuZs=",
      "requires": {
        "depd": "https://registry.npmjs.org/depd/-/depd-1.1.1.tgz",
        "keygrip": "https://registry.npmjs.org/keygrip/-/keygrip-1.0.2.tgz"
      }
    },
    "core-util-is": {
      "version": "1.0.2",
      "resolved": "https://registry.npmjs.org/core-util-is/-/core-util-is-1.0.2.tgz",
      "integrity": "sha1-tf1UIgqivFq1eqtxQMlAdUUDwac="
    },
    "crc": {
      "version": "3.5.0",
      "resolved": "https://registry.npmjs.org/crc/-/crc-3.5.0.tgz",
      "integrity": "sha1-mLi6fUiWZbo5efWbITgTdBAaGWQ="
    },
    "debug": {
      "version": "https://registry.npmjs.org/debug/-/debug-3.1.0.tgz",
      "integrity": "sha1-W7WgZyYotkFJVmuhaBnmFRjGcmE=",
      "requires": {
        "ms": "https://registry.npmjs.org/ms/-/ms-2.0.0.tgz"
      }
    },
    "deep-eql": {
      "version": "https://registry.npmjs.org/deep-eql/-/deep-eql-3.0.1.tgz",
      "integrity": "sha1-38lARACtHI/gI+faHfHBR8S0RN8=",
      "requires": {
        "type-detect": "https://registry.npmjs.org/type-detect/-/type-detect-4.0.5.tgz"
      }
    },
    "deep-equal": {
      "version": "https://registry.npmjs.org/deep-equal/-/deep-equal-1.0.1.tgz",
      "integrity": "sha1-9dJgKStmDghO/0zbyfCK0yR0SLU="
    },
    "delayed-stream": {
      "version": "1.0.0",
      "resolved": "https://registry.npmjs.org/delayed-stream/-/delayed-stream-1.0.0.tgz",
      "integrity": "sha1-3zrhmayt+31ECqrgsp4icrJOxhk="
    },
    "delegates": {
      "version": "https://registry.npmjs.org/delegates/-/delegates-1.0.0.tgz",
      "integrity": "sha1-hMbhWbgZBP3KWaDvRM2HDTElD5o="
    },
    "depd": {
      "version": "https://registry.npmjs.org/depd/-/depd-1.1.1.tgz",
      "integrity": "sha1-V4O04cRZ8G+lyif5kfPQbnoxA1k="
    },
    "destroy": {
      "version": "https://registry.npmjs.org/destroy/-/destroy-1.0.4.tgz",
      "integrity": "sha1-l4hXRCxEdJ5CBmE+N5RiBYJqvYA="
    },
    "diff": {
      "version": "https://registry.npmjs.org/diff/-/diff-3.3.1.tgz",
      "integrity": "sha1-qoVnpu7QPFMfyJ0/cRzQ5SWd7HU="
    },
    "ee-first": {
      "version": "https://registry.npmjs.org/ee-first/-/ee-first-1.1.1.tgz",
      "integrity": "sha1-WQxhFWsK4vTwJVcyoViyZrxWsh0="
    },
    "error-inject": {
      "version": "https://registry.npmjs.org/error-inject/-/error-inject-1.0.0.tgz",
      "integrity": "sha1-4rPZG1Su1nLzCdlQ0VSFD6EdTzc="
    },
    "es6-promise": {
      "version": "3.2.1",
      "resolved": "https://registry.npmjs.org/es6-promise/-/es6-promise-3.2.1.tgz",
      "integrity": "sha1-7FYjOGgDKQkgcXDDlEjiREndH8Q="
    },
    "escape-html": {
      "version": "https://registry.npmjs.org/escape-html/-/escape-html-1.0.3.tgz",
      "integrity": "sha1-Aljq5NPQwJdN4cFpGI7wBR0dGYg="
    },
    "escape-string-regexp": {
      "version": "https://registry.npmjs.org/escape-string-regexp/-/escape-string-regexp-1.0.5.tgz",
      "integrity": "sha1-G2HAViGQqN/2rjuyzwIAyhMLhtQ="
    },
    "esprima": {
      "version": "2.7.3",
      "resolved": "https://registry.npmjs.org/esprima/-/esprima-2.7.3.tgz",
      "integrity": "sha1-luO3DVd59q1JzQMmc9HDEnZ7pYE="
    },
    "extend": {
      "version": "3.0.1",
      "resolved": "https://registry.npmjs.org/extend/-/extend-3.0.1.tgz",
      "integrity": "sha1-p1Xqe8Gt/MWjHOfnYtuq3F5jZEQ="
    },
    "form-data": {
      "version": "1.0.0-rc4",
      "resolved": "https://registry.npmjs.org/form-data/-/form-data-1.0.0-rc4.tgz",
      "integrity": "sha1-BaxrwiIntD5EYfSIFhVUaZ1Pi14=",
      "requires": {
        "async": "1.5.2",
        "combined-stream": "1.0.5",
        "mime-types": "https://registry.npmjs.org/mime-types/-/mime-types-2.1.17.tgz"
      },
      "dependencies": {
        "async": {
          "version": "1.5.2",
          "resolved": "https://registry.npmjs.org/async/-/async-1.5.2.tgz",
          "integrity": "sha1-7GphrlZIDAw8skHJVhjiCJL5Zyo="
        }
      }
    },
    "formidable": {
      "version": "1.1.1",
      "resolved": "https://registry.npmjs.org/formidable/-/formidable-1.1.1.tgz",
      "integrity": "sha1-lriIb3w8NQi5Mta9cMTTqI818ak="
    },
    "fresh": {
      "version": "https://registry.npmjs.org/fresh/-/fresh-0.5.2.tgz",
      "integrity": "sha1-PYyt2Q2XZWn6g1qx+OSyOhBWBac="
    },
    "fs.realpath": {
      "version": "https://registry.npmjs.org/fs.realpath/-/fs.realpath-1.0.0.tgz",
      "integrity": "sha1-FQStJSMVjKpA20onh8sBQRmU6k8="
    },
    "get-func-name": {
      "version": "https://registry.npmjs.org/get-func-name/-/get-func-name-2.0.0.tgz",
      "integrity": "sha1-6td0q+5y4gQJQzoGY2YCPdaIekE="
    },
    "glob": {
      "version": "https://registry.npmjs.org/glob/-/glob-7.1.2.tgz",
      "integrity": "sha1-wZyd+aAocC1nhhI4SmVSQExjbRU=",
      "requires": {
        "fs.realpath": "https://registry.npmjs.org/fs.realpath/-/fs.realpath-1.0.0.tgz",
        "inflight": "https://registry.npmjs.org/inflight/-/inflight-1.0.6.tgz",
        "inherits": "https://registry.npmjs.org/inherits/-/inherits-2.0.3.tgz",
        "minimatch": "https://registry.npmjs.org/minimatch/-/minimatch-3.0.4.tgz",
        "once": "https://registry.npmjs.org/once/-/once-1.4.0.tgz",
        "path-is-absolute": "https://registry.npmjs.org/path-is-absolute/-/path-is-absolute-1.0.1.tgz"
      }
    },
    "growl": {
      "version": "https://registry.npmjs.org/growl/-/growl-1.10.3.tgz",
      "integrity": "sha1-GSa6kM8+3+KttJJ/WIC8IsZseQ8="
    },
    "has-flag": {
      "version": "https://registry.npmjs.org/has-flag/-/has-flag-2.0.0.tgz",
      "integrity": "sha1-6CB68cx7MNRGzHC3NLXovhj4jVE="
    },
    "he": {
      "version": "https://registry.npmjs.org/he/-/he-1.1.1.tgz",
      "integrity": "sha1-k0EP0hsAlzUVH4howvJx80J+I/0="
    },
    "hooks-fixed": {
      "version": "2.0.2",
      "resolved": "https://registry.npmjs.org/hooks-fixed/-/hooks-fixed-2.0.2.tgz",
      "integrity": "sha512-YurCM4gQSetcrhwEtpQHhQ4M7Zo7poNGqY4kQGeBS6eZtOcT3tnNs01ThFa0jYBByAiYt1MjMjP/YApG0EnAvQ=="
    },
    "http-assert": {
      "version": "https://registry.npmjs.org/http-assert/-/http-assert-1.3.0.tgz",
      "integrity": "sha1-oxpc+IyHPsu1eWkH1NbxMujAHko=",
      "requires": {
        "deep-equal": "https://registry.npmjs.org/deep-equal/-/deep-equal-1.0.1.tgz",
        "http-errors": "https://registry.npmjs.org/http-errors/-/http-errors-1.6.2.tgz"
      }
    },
    "http-errors": {
      "version": "https://registry.npmjs.org/http-errors/-/http-errors-1.6.2.tgz",
      "integrity": "sha1-CgAsyFcHGSp+eUbO7cERVfYOxzY=",
      "requires": {
        "depd": "https://registry.npmjs.org/depd/-/depd-1.1.1.tgz",
        "inherits": "https://registry.npmjs.org/inherits/-/inherits-2.0.3.tgz",
        "setprototypeof": "https://registry.npmjs.org/setprototypeof/-/setprototypeof-1.0.3.tgz",
        "statuses": "https://registry.npmjs.org/statuses/-/statuses-1.4.0.tgz"
      }
    },
    "inflight": {
      "version": "https://registry.npmjs.org/inflight/-/inflight-1.0.6.tgz",
      "integrity": "sha1-Sb1jMdfQLQwJvJEKEHW6gWW1bfk=",
      "requires": {
        "once": "https://registry.npmjs.org/once/-/once-1.4.0.tgz",
        "wrappy": "https://registry.npmjs.org/wrappy/-/wrappy-1.0.2.tgz"
      }
    },
    "inherits": {
      "version": "https://registry.npmjs.org/inherits/-/inherits-2.0.3.tgz",
      "integrity": "sha1-Yzwsg+PaQqUC9SRmAiSA9CCCYd4="
    },
    "ip-regex": {
      "version": "1.0.3",
      "resolved": "https://registry.npmjs.org/ip-regex/-/ip-regex-1.0.3.tgz",
      "integrity": "sha1-3FiQdvZZ9BnCIgOaMzFvHHOH7/0="
    },
    "is": {
      "version": "3.2.1",
      "resolved": "https://registry.npmjs.org/is/-/is-3.2.1.tgz",
      "integrity": "sha1-0Kwq1V63sL7JJqUmb2xmKqqD3KU="
    },
    "is-class": {
      "version": "0.0.4",
      "resolved": "https://registry.npmjs.org/is-class/-/is-class-0.0.4.tgz",
      "integrity": "sha1-4FdFFwW7NOOePjNZjJOpg3KWtzY="
    },
    "is-generator-function": {
      "version": "https://registry.npmjs.org/is-generator-function/-/is-generator-function-1.0.7.tgz",
      "integrity": "sha1-0hMuUpuwAAp/gHlNS99c1eWBNSI="
    },
    "is-ip": {
      "version": "1.0.0",
      "resolved": "https://registry.npmjs.org/is-ip/-/is-ip-1.0.0.tgz",
      "integrity": "sha1-K7aVn3l8zW+f3IEnWLy8h8TFkHQ=",
      "requires": {
        "ip-regex": "1.0.3"
      }
    },
    "is-type-of": {
      "version": "1.2.0",
      "resolved": "https://registry.npmjs.org/is-type-of/-/is-type-of-1.2.0.tgz",
      "integrity": "sha512-10ezBXuEDp3Fp/jPCaVd4hSrAEj2lPyr1LT7+cWi9HCLd15wbh9X8dJfTDB+ZgkZSCGTG2TF6f61ugI5mSlhDA==",
      "requires": {
        "core-util-is": "1.0.2",
        "is-class": "0.0.4",
        "isstream": "0.1.2"
      }
    },
    "isarray": {
      "version": "0.0.1",
      "resolved": "https://registry.npmjs.org/isarray/-/isarray-0.0.1.tgz",
      "integrity": "sha1-ihis/Kmo9Bd+Cav8YDiTmwXR7t8="
    },
    "isstream": {
      "version": "0.1.2",
      "resolved": "https://registry.npmjs.org/isstream/-/isstream-0.1.2.tgz",
      "integrity": "sha1-R+Y/evVa+m+S4VAOaQ64uFKcCZo="
    },
    "js-yaml": {
      "version": "3.5.5",
      "resolved": "https://registry.npmjs.org/js-yaml/-/js-yaml-3.5.5.tgz",
      "integrity": "sha1-A3fDgBfKvHMisNH7zSWkkWQfL74=",
      "requires": {
        "argparse": "1.0.9",
        "esprima": "2.7.3"
      }
    },
    "kareem": {
      "version": "1.5.0",
      "resolved": "https://registry.npmjs.org/kareem/-/kareem-1.5.0.tgz",
      "integrity": "sha1-4+QQHZ3P3imXadr0tNtk2JXRdEg="
    },
    "keygrip": {
      "version": "https://registry.npmjs.org/keygrip/-/keygrip-1.0.2.tgz",
      "integrity": "sha1-rTKXxVcGneqLz+ek+kkbdcXd65E="
    },
    "koa": {
      "version": "https://registry.npmjs.org/koa/-/koa-2.4.1.tgz",
      "integrity": "sha1-1EnPuXCn6dpXH2me2kC7njLrFIQ=",
      "requires": {
        "accepts": "https://registry.npmjs.org/accepts/-/accepts-1.3.4.tgz",
        "content-disposition": "https://registry.npmjs.org/content-disposition/-/content-disposition-0.5.2.tgz",
        "content-type": "https://registry.npmjs.org/content-type/-/content-type-1.0.4.tgz",
        "cookies": "https://registry.npmjs.org/cookies/-/cookies-0.7.1.tgz",
        "debug": "https://registry.npmjs.org/debug/-/debug-3.1.0.tgz",
        "delegates": "https://registry.npmjs.org/delegates/-/delegates-1.0.0.tgz",
        "depd": "https://registry.npmjs.org/depd/-/depd-1.1.1.tgz",
        "destroy": "https://registry.npmjs.org/destroy/-/destroy-1.0.4.tgz",
        "error-inject": "https://registry.npmjs.org/error-inject/-/error-inject-1.0.0.tgz",
        "escape-html": "https://registry.npmjs.org/escape-html/-/escape-html-1.0.3.tgz",
        "fresh": "https://registry.npmjs.org/fresh/-/fresh-0.5.2.tgz",
        "http-assert": "https://registry.npmjs.org/http-assert/-/http-assert-1.3.0.tgz",
        "http-errors": "https://registry.npmjs.org/http-errors/-/http-errors-1.6.2.tgz",
        "is-generator-function": "https://registry.npmjs.org/is-generator-function/-/is-generator-function-1.0.7.tgz",
        "koa-compose": "https://registry.npmjs.org/koa-compose/-/koa-compose-4.0.0.tgz",
        "koa-convert": "https://registry.npmjs.org/koa-convert/-/koa-convert-1.2.0.tgz",
        "koa-is-json": "https://registry.npmjs.org/koa-is-json/-/koa-is-json-1.0.0.tgz",
        "mime-types": "https://registry.npmjs.org/mime-types/-/mime-types-2.1.17.tgz",
        "on-finished": "https://registry.npmjs.org/on-finished/-/on-finished-2.3.0.tgz",
        "only": "https://registry.npmjs.org/only/-/only-0.0.2.tgz",
        "parseurl": "https://registry.npmjs.org/parseurl/-/parseurl-1.3.2.tgz",
        "statuses": "https://registry.npmjs.org/statuses/-/statuses-1.4.0.tgz",
        "type-is": "https://registry.npmjs.org/type-is/-/type-is-1.6.15.tgz",
        "vary": "https://registry.npmjs.org/vary/-/vary-1.1.2.tgz"
      }
    },
    "koa-compose": {
      "version": "https://registry.npmjs.org/koa-compose/-/koa-compose-4.0.0.tgz",
      "integrity": "sha1-KAClE9nDYe8NY4UrA45Pby1adzw="
    },
    "koa-convert": {
      "version": "https://registry.npmjs.org/koa-convert/-/koa-convert-1.2.0.tgz",
      "integrity": "sha1-2kCHXfSd4FOQmNFwC1CCDOvNIdA=",
      "requires": {
        "co": "https://registry.npmjs.org/co/-/co-4.6.0.tgz",
        "koa-compose": "https://registry.npmjs.org/koa-compose/-/koa-compose-3.2.1.tgz"
      },
      "dependencies": {
        "koa-compose": {
          "version": "https://registry.npmjs.org/koa-compose/-/koa-compose-3.2.1.tgz",
          "integrity": "sha1-qFzLQLfZhtjlo0Wzoazo6rz1Tec=",
          "requires": {
            "any-promise": "https://registry.npmjs.org/any-promise/-/any-promise-1.3.0.tgz"
          }
        }
      }
    },
    "koa-is-json": {
      "version": "https://registry.npmjs.org/koa-is-json/-/koa-is-json-1.0.0.tgz",
      "integrity": "sha1-JzwH7c3Ljfaiwat9We52SRRR7BQ="
    },
    "koa-router": {
      "version": "7.3.0",
      "resolved": "https://registry.npmjs.org/koa-router/-/koa-router-7.3.0.tgz",
      "integrity": "sha512-XLRnIOXdbn6MnbKNaQVqBzlUAgyxR5mZte7gi7LsR10Q4KDMCpU9hL1ON7YC0GWsLCbACg1ngqeozrwDuaVYxg==",
      "requires": {
        "debug": "https://registry.npmjs.org/debug/-/debug-3.1.0.tgz",
        "http-errors": "https://registry.npmjs.org/http-errors/-/http-errors-1.6.2.tgz",
        "koa-compose": "3.2.1",
        "methods": "1.1.2",
        "path-to-regexp": "1.7.0",
        "urijs": "1.19.0"
      },
      "dependencies": {
        "koa-compose": {
          "version": "3.2.1",
          "resolved": "https://registry.npmjs.org/koa-compose/-/koa-compose-3.2.1.tgz",
          "integrity": "sha1-qFzLQLfZhtjlo0Wzoazo6rz1Tec=",
          "requires": {
            "any-promise": "https://registry.npmjs.org/any-promise/-/any-promise-1.3.0.tgz"
          }
        }
      }
    },
    "koa-session": {
      "version": "5.5.1",
      "resolved": "https://registry.npmjs.org/koa-session/-/koa-session-5.5.1.tgz",
      "integrity": "sha512-twN1/XANvzzSIidi4rLhYouW408LDda7+s5uQqMeKLemicwlZtXJCBpowL+YgsK+UCTkEGVrVWic5/TZYTgMCQ==",
      "requires": {
        "crc": "3.5.0",
        "debug": "2.6.9",
        "is-type-of": "1.2.0",
        "uid-safe": "2.1.5"
      },
      "dependencies": {
        "debug": {
          "version": "2.6.9",
          "resolved": "https://registry.npmjs.org/debug/-/debug-2.6.9.tgz",
          "integrity": "sha512-bC7ElrdJaJnPbAP+1EotYvqZsb3ecl5wi6Bfi6BJTUcNowp6cvspg0jXznRTKDjm/E7AdgFBVeAPVMNcKGsHMA==",
          "requires": {
            "ms": "https://registry.npmjs.org/ms/-/ms-2.0.0.tgz"
          }
        }
      }
    },
    "lodash": {
      "version": "4.17.4",
      "resolved": "https://registry.npmjs.org/lodash/-/lodash-4.17.4.tgz",
      "integrity": "sha1-eCA6TRwyiuHYbcpkYONptX9AVa4="
    },
    "lodash.get": {
      "version": "4.4.2",
      "resolved": "https://registry.npmjs.org/lodash.get/-/lodash.get-4.4.2.tgz",
      "integrity": "sha1-LRd/ZS+jHpObRDjVNBSZ36OCXpk="
    },
    "media-typer": {
      "version": "https://registry.npmjs.org/media-typer/-/media-typer-0.3.0.tgz",
      "integrity": "sha1-hxDXrwqmJvj/+hzgAWhUUmMlV0g="
    },
    "methods": {
      "version": "1.1.2",
      "resolved": "https://registry.npmjs.org/methods/-/methods-1.1.2.tgz",
      "integrity": "sha1-VSmk1nZUE07cxSZmVoNbD4Ua/O4="
    },
    "mime": {
      "version": "1.6.0",
      "resolved": "https://registry.npmjs.org/mime/-/mime-1.6.0.tgz",
      "integrity": "sha512-x0Vn8spI+wuJ1O6S7gnbaQg8Pxh4NNHb7KSINmEWKiPE4RKOplvijn+NkmYmmRgP68mc70j2EbeTFRsrswaQeg=="
    },
    "mime-db": {
      "version": "https://registry.npmjs.org/mime-db/-/mime-db-1.30.0.tgz",
      "integrity": "sha1-dMZD2i3Z1qRTmZY0ZbJtXKfXHwE="
    },
    "mime-types": {
      "version": "https://registry.npmjs.org/mime-types/-/mime-types-2.1.17.tgz",
      "integrity": "sha1-Cdejk/A+mVp5+K+Fe3Cp4KsWVXo=",
      "requires": {
        "mime-db": "https://registry.npmjs.org/mime-db/-/mime-db-1.30.0.tgz"
      }
    },
    "minimatch": {
      "version": "https://registry.npmjs.org/minimatch/-/minimatch-3.0.4.tgz",
      "integrity": "sha1-UWbihkV/AzBgZL5Ul+jbsMPTIIM=",
      "requires": {
        "brace-expansion": "https://registry.npmjs.org/brace-expansion/-/brace-expansion-1.1.8.tgz"
      }
    },
    "minimist": {
      "version": "https://registry.npmjs.org/minimist/-/minimist-0.0.8.tgz",
      "integrity": "sha1-hX/Kv8M5fSYluCKCYuhqp6ARsF0="
    },
    "mkdirp": {
      "version": "https://registry.npmjs.org/mkdirp/-/mkdirp-0.5.1.tgz",
      "integrity": "sha1-MAV0OOrGz3+MR2fzhkjWaX11yQM=",
      "requires": {
        "minimist": "https://registry.npmjs.org/minimist/-/minimist-0.0.8.tgz"
      }
    },
    "mocha": {
      "version": "https://registry.npmjs.org/mocha/-/mocha-4.1.0.tgz",
      "integrity": "sha1-fYbPvPNcuCnidUwy4XNV7AUzh5Q=",
      "requires": {
        "browser-stdout": "https://registry.npmjs.org/browser-stdout/-/browser-stdout-1.3.0.tgz",
        "commander": "https://registry.npmjs.org/commander/-/commander-2.11.0.tgz",
        "debug": "https://registry.npmjs.org/debug/-/debug-3.1.0.tgz",
        "diff": "https://registry.npmjs.org/diff/-/diff-3.3.1.tgz",
        "escape-string-regexp": "https://registry.npmjs.org/escape-string-regexp/-/escape-string-regexp-1.0.5.tgz",
        "glob": "https://registry.npmjs.org/glob/-/glob-7.1.2.tgz",
        "growl": "https://registry.npmjs.org/growl/-/growl-1.10.3.tgz",
        "he": "https://registry.npmjs.org/he/-/he-1.1.1.tgz",
        "mkdirp": "https://registry.npmjs.org/mkdirp/-/mkdirp-0.5.1.tgz",
        "supports-color": "https://registry.npmjs.org/supports-color/-/supports-color-4.4.0.tgz"
      }
    },
    "mongodb": {
      "version": "2.2.34",
      "resolved": "https://registry.npmjs.org/mongodb/-/mongodb-2.2.34.tgz",
      "integrity": "sha1-o09Zu+thdUrsQy3nLD/iFSakTBo=",
      "requires": {
        "es6-promise": "3.2.1",
        "mongodb-core": "2.1.18",
        "readable-stream": "2.2.7"
      }
    },
    "mongodb-core": {
      "version": "2.1.18",
      "resolved": "https://registry.npmjs.org/mongodb-core/-/mongodb-core-2.1.18.tgz",
      "integrity": "sha1-TEYTm986HwMt7ZHbSfOO7AFlkFA=",
      "requires": {
        "bson": "1.0.4",
        "require_optional": "1.0.1"
      }
    },
    "mongoose": {
      "version": "4.13.9",
      "resolved": "https://registry.npmjs.org/mongoose/-/mongoose-4.13.9.tgz",
      "integrity": "sha512-UGkSJR5iYHfHGlAyNNJS/mX5HoukDssQoy2pyJTpdyOXnxSw1ujYvMlxEuiIOQEWH2oZSAmHfjH+/igxG1MXLQ==",
      "requires": {
        "async": "2.1.4",
        "bson": "1.0.4",
        "hooks-fixed": "2.0.2",
        "kareem": "1.5.0",
        "lodash.get": "4.4.2",
        "mongodb": "2.2.34",
        "mpath": "0.3.0",
        "mpromise": "0.5.5",
        "mquery": "2.3.3",
        "ms": "https://registry.npmjs.org/ms/-/ms-2.0.0.tgz",
        "muri": "1.3.0",
        "regexp-clone": "0.0.1",
        "sliced": "1.0.1"
      }
    },
    "mpath": {
      "version": "0.3.0",
      "resolved": "https://registry.npmjs.org/mpath/-/mpath-0.3.0.tgz",
      "integrity": "sha1-elj3iem1/TyUUgY0FXlg8mvV70Q="
    },
    "mpromise": {
      "version": "0.5.5",
      "resolved": "https://registry.npmjs.org/mpromise/-/mpromise-0.5.5.tgz",
      "integrity": "sha1-9bJCWddjrMIlewoMjG2Gb9UXMuY="
    },
    "mquery": {
      "version": "2.3.3",
      "resolved": "https://registry.npmjs.org/mquery/-/mquery-2.3.3.tgz",
      "integrity": "sha512-NC8L14kn+qxJbbJ1gbcEMDxF0sC3sv+1cbRReXXwVvowcwY1y9KoVZFq0ebwARibsadu8lx8nWGvm3V0Pf0ZWQ==",
      "requires": {
        "bluebird": "3.5.0",
        "debug": "2.6.9",
        "regexp-clone": "0.0.1",
        "sliced": "0.0.5"
      },
      "dependencies": {
        "debug": {
          "version": "2.6.9",
          "resolved": "https://registry.npmjs.org/debug/-/debug-2.6.9.tgz",
          "integrity": "sha512-bC7ElrdJaJnPbAP+1EotYvqZsb3ecl5wi6Bfi6BJTUcNowp6cvspg0jXznRTKDjm/E7AdgFBVeAPVMNcKGsHMA==",
          "requires": {
            "ms": "https://registry.npmjs.org/ms/-/ms-2.0.0.tgz"
          }
        },
        "sliced": {
          "version": "0.0.5",
          "resolved": "https://registry.npmjs.org/sliced/-/sliced-0.0.5.tgz",
          "integrity": "sha1-XtwETKTrb3gW1Qui/GPiXY/kcH8="
        }
      }
    },
    "ms": {
      "version": "https://registry.npmjs.org/ms/-/ms-2.0.0.tgz",
      "integrity": "sha1-VgiurfwAvmwpAd9fmGF4jeDVl8g="
    },
    "muri": {
      "version": "1.3.0",
      "resolved": "https://registry.npmjs.org/muri/-/muri-1.3.0.tgz",
      "integrity": "sha512-FiaFwKl864onHFFUV/a2szAl7X0fxVlSKNdhTf+BM8i8goEgYut8u5P9MqQqIYwvaMxjzVESsoEm/2kfkFH1rg=="
    },
    "negotiator": {
      "version": "https://registry.npmjs.org/negotiator/-/negotiator-0.6.1.tgz",
      "integrity": "sha1-KzJxhOiZIQEXeyhWP7XnECrNDKk="
    },
    "node-yaml-config": {
      "version": "0.0.4",
      "resolved": "https://registry.npmjs.org/node-yaml-config/-/node-yaml-config-0.0.4.tgz",
      "integrity": "sha1-lVcE3HJFv2KfFBIdM8mmQ0QSP28=",
      "requires": {
        "js-yaml": "3.5.5",
        "node.extend": "1.1.6"
      }
    },
    "node.extend": {
      "version": "1.1.6",
      "resolved": "https://registry.npmjs.org/node.extend/-/node.extend-1.1.6.tgz",
      "integrity": "sha1-p7iCyC1sk6SGOlUEvV3o7IYli5Y=",
      "requires": {
        "is": "3.2.1"
      }
    },
    "on-finished": {
      "version": "https://registry.npmjs.org/on-finished/-/on-finished-2.3.0.tgz",
      "integrity": "sha1-IPEzZIGwg811M3mSoWlxqi2QaUc=",
      "requires": {
        "ee-first": "https://registry.npmjs.org/ee-first/-/ee-first-1.1.1.tgz"
      }
    },
    "once": {
      "version": "https://registry.npmjs.org/once/-/once-1.4.0.tgz",
      "integrity": "sha1-WDsap3WWHUsROsF9nFC6753Xa9E=",
      "requires": {
        "wrappy": "https://registry.npmjs.org/wrappy/-/wrappy-1.0.2.tgz"
      }
    },
    "only": {
      "version": "https://registry.npmjs.org/only/-/only-0.0.2.tgz",
      "integrity": "sha1-Kv3oTQPlC5qO3EROMGEKcCle37Q="
    },
    "parseurl": {
      "version": "https://registry.npmjs.org/parseurl/-/parseurl-1.3.2.tgz",
      "integrity": "sha1-/CidTtiZMRlGDBViUyYs3I3mW/M="
    },
    "path-is-absolute": {
      "version": "https://registry.npmjs.org/path-is-absolute/-/path-is-absolute-1.0.1.tgz",
      "integrity": "sha1-F0uSaHNVNP+8es5r9TpanhtcX18="
    },
    "path-to-regexp": {
      "version": "1.7.0",
      "resolved": "https://registry.npmjs.org/path-to-regexp/-/path-to-regexp-1.7.0.tgz",
      "integrity": "sha1-Wf3g9DW62suhA6hOnTvGTpa5k30=",
      "requires": {
        "isarray": "0.0.1"
      }
    },
    "pathval": {
      "version": "https://registry.npmjs.org/pathval/-/pathval-1.1.0.tgz",
      "integrity": "sha1-uULm1L3mUwBe9rcTYd74cn0GReA="
    },
    "process-nextick-args": {
      "version": "1.0.7",
      "resolved": "https://registry.npmjs.org/process-nextick-args/-/process-nextick-args-1.0.7.tgz",
      "integrity": "sha1-FQ4gt1ZZCtP5EJPyWk8q2L/zC6M="
    },
    "qs": {
      "version": "6.5.1",
      "resolved": "https://registry.npmjs.org/qs/-/qs-6.5.1.tgz",
      "integrity": "sha512-eRzhrN1WSINYCDCbrz796z37LOe3m5tmW7RQf6oBntukAG1nmovJvhnwHHRMAfeoItc1m2Hk02WER2aQ/iqs+A=="
    },
    "random-bytes": {
      "version": "1.0.0",
      "resolved": "https://registry.npmjs.org/random-bytes/-/random-bytes-1.0.0.tgz",
      "integrity": "sha1-T2ih3Arli9P7lYSMMDJNt11kNgs="
    },
    "readable-stream": {
      "version": "2.2.7",
      "resolved": "https://registry.npmjs.org/readable-stream/-/readable-stream-2.2.7.tgz",
      "integrity": "sha1-BwV6y+JGeyIELTb5jFrVBwVOlbE=",
      "requires": {
        "buffer-shims": "1.0.0",
        "core-util-is": "1.0.2",
        "inherits": "https://registry.npmjs.org/inherits/-/inherits-2.0.3.tgz",
        "isarray": "1.0.0",
        "process-nextick-args": "1.0.7",
        "string_decoder": "1.0.3",
        "util-deprecate": "1.0.2"
      },
      "dependencies": {
        "isarray": {
          "version": "1.0.0",
          "resolved": "https://registry.npmjs.org/isarray/-/isarray-1.0.0.tgz",
          "integrity": "sha1-u5NdSFgsuhaMBoNJV6VKPgcSTxE="
        }
      }
    },
    "regexp-clone": {
      "version": "0.0.1",
      "resolved": "https://registry.npmjs.org/regexp-clone/-/regexp-clone-0.0.1.tgz",
      "integrity": "sha1-p8LgmJH9vzj7sQ03b7cwA+aKxYk="
    },
    "require_optional": {
      "version": "1.0.1",
      "resolved": "https://registry.npmjs.org/require_optional/-/require_optional-1.0.1.tgz",
      "integrity": "sha512-qhM/y57enGWHAe3v/NcwML6a3/vfESLe/sGM2dII+gEO0BpKRUkWZow/tyloNqJyN6kXSl3RyyM8Ll5D/sJP8g==",
      "requires": {
        "resolve-from": "2.0.0",
        "semver": "5.4.1"
      }
    },
    "resolve-from": {
      "version": "2.0.0",
      "resolved": "https://registry.npmjs.org/resolve-from/-/resolve-from-2.0.0.tgz",
      "integrity": "sha1-lICrIOlP+h2egKgEx+oUdhGWa1c="
    },
    "safe-buffer": {
      "version": "5.1.1",
      "resolved": "https://registry.npmjs.org/safe-buffer/-/safe-buffer-5.1.1.tgz",
      "integrity": "sha512-kKvNJn6Mm93gAczWVJg7wH+wGYWNrDHdWvpUmHyEsgCtIwwo3bqPtV4tR5tuPaUhTOo/kvhVwd8XwwOllGYkbg=="
    },
    "semver": {
      "version": "5.4.1",
      "resolved": "https://registry.npmjs.org/semver/-/semver-5.4.1.tgz",
      "integrity": "sha512-WfG/X9+oATh81XtllIo/I8gOiY9EXRdv1cQdyykeXK17YcUW3EXUAi2To4pcH6nZtJPr7ZOpM5OMyWJZm+8Rsg=="
    },
    "setprototypeof": {
      "version": "https://registry.npmjs.org/setprototypeof/-/setprototypeof-1.0.3.tgz",
      "integrity": "sha1-ZlZ+NwQ+608E2RvWWMDL77VbjgQ="
    },
    "sliced": {
      "version": "1.0.1",
      "resolved": "https://registry.npmjs.org/sliced/-/sliced-1.0.1.tgz",
      "integrity": "sha1-CzpmK10Ewxd7GSa+qCsD+Dei70E="
    },
    "sprintf-js": {
      "version": "1.0.3",
      "resolved": "https://registry.npmjs.org/sprintf-js/-/sprintf-js-1.0.3.tgz",
      "integrity": "sha1-BOaSb2YolTVPPdAVIDYzuFcpfiw="
    },
    "statuses": {
      "version": "https://registry.npmjs.org/statuses/-/statuses-1.4.0.tgz",
      "integrity": "sha1-u3PURtonlhBu/MG2AaJT1sRr0Ic="
    },
    "string_decoder": {
      "version": "1.0.3",
      "resolved": "https://registry.npmjs.org/string_decoder/-/string_decoder-1.0.3.tgz",
      "integrity": "sha512-4AH6Z5fzNNBcH+6XDMfA/BTt87skxqJlO0lAh3Dker5zThcAxG6mKz+iGu308UKoPPQ8Dcqx/4JhujzltRa+hQ==",
      "requires": {
        "safe-buffer": "5.1.1"
      }
    },
    "superagent": {
      "version": "2.3.0",
      "resolved": "https://registry.npmjs.org/superagent/-/superagent-2.3.0.tgz",
      "integrity": "sha1-cDUpoHFOV+EjlZ3e+84ZOy5Q0RU=",
      "requires": {
        "component-emitter": "1.2.1",
        "cookiejar": "2.0.6",
        "debug": "2.6.9",
        "extend": "3.0.1",
        "form-data": "1.0.0-rc4",
        "formidable": "1.1.1",
        "methods": "1.1.2",
        "mime": "1.6.0",
        "qs": "6.5.1",
        "readable-stream": "2.2.7"
      },
      "dependencies": {
        "debug": {
          "version": "2.6.9",
          "resolved": "https://registry.npmjs.org/debug/-/debug-2.6.9.tgz",
          "integrity": "sha512-bC7ElrdJaJnPbAP+1EotYvqZsb3ecl5wi6Bfi6BJTUcNowp6cvspg0jXznRTKDjm/E7AdgFBVeAPVMNcKGsHMA==",
          "requires": {
            "ms": "https://registry.npmjs.org/ms/-/ms-2.0.0.tgz"
          }
        }
      }
    },
    "supports-color": {
      "version": "https://registry.npmjs.org/supports-color/-/supports-color-4.4.0.tgz",
      "integrity": "sha1-iD992rwWUUKyphQn8zUt7RldGj4=",
      "requires": {
        "has-flag": "https://registry.npmjs.org/has-flag/-/has-flag-2.0.0.tgz"
      }
    },
    "type-detect": {
      "version": "https://registry.npmjs.org/type-detect/-/type-detect-4.0.5.tgz",
      "integrity": "sha1-1w5byB223io4G8rKDG4MvcdjXeI="
    },
    "type-is": {
      "version": "https://registry.npmjs.org/type-is/-/type-is-1.6.15.tgz",
      "integrity": "sha1-yrEPtJCeRByChC6v4a1kbIGARBA=",
      "requires": {
        "media-typer": "https://registry.npmjs.org/media-typer/-/media-typer-0.3.0.tgz",
        "mime-types": "https://registry.npmjs.org/mime-types/-/mime-types-2.1.17.tgz"
      }
    },
    "uid-safe": {
      "version": "2.1.5",
      "resolved": "https://registry.npmjs.org/uid-safe/-/uid-safe-2.1.5.tgz",
      "integrity": "sha512-KPHm4VL5dDXKz01UuEd88Df+KzynaohSL9fBh096KWAxSKZQDI2uBrVqtvRM4rwrIrRRKsdLNML/lnaaVSRioA==",
      "requires": {
        "random-bytes": "1.0.0"
      }
    },
    "urijs": {
      "version": "1.19.0",
      "resolved": "https://registry.npmjs.org/urijs/-/urijs-1.19.0.tgz",
      "integrity": "sha512-Qs2odXn0hST5VSPVjpi73CMqtbAoanahaqWBujGU+IyMrMqpWcIhDewxQRhCkmqYxuyvICDcSuLdv2O7ncWBGw=="
    },
    "util-deprecate": {
      "version": "1.0.2",
      "resolved": "https://registry.npmjs.org/util-deprecate/-/util-deprecate-1.0.2.tgz",
      "integrity": "sha1-RQ1Nyfpw3nMnYvvS1KKJgUGaDM8="
    },
    "vary": {
      "version": "https://registry.npmjs.org/vary/-/vary-1.1.2.tgz",
      "integrity": "sha1-IpnwLG3tMNSllhsLn3RSShj2NPw="
    },
    "wrappy": {
      "version": "https://registry.npmjs.org/wrappy/-/wrappy-1.0.2.tgz",
      "integrity": "sha1-tSQ9jz7BqjXxNkYFvA0QNuMKtp8="
    }
  }
}
